
Microsoft Visual Studio Solution File, Format Version 12.00
# Visual Studio Version 17
VisualStudioVersion = 17.6.33723.286
MinimumVisualStudioVersion = 10.0.40219.1
Project("{FAE04EC0-301F-11D3-BF4B-00C04F79EFBC}") = "Lexicon_AvaloniaVersion", "Lexicon_AvaloniaVersion\Lexicon_AvaloniaVersion.csproj", "{DE9F5F35-BDA3-4D08-8769-F8C8B501F8F5}"
EndProject
Global
	GlobalSection(SolutionConfigurationPlatforms) = preSolution
		Debug|Any CPU = Debug|Any CPU
		Release|Any CPU = Release|Any CPU
	EndGlobalSection
	GlobalSection(ProjectConfigurationPlatforms) = postSolution
		{DE9F5F35-BDA3-4D08-8769-F8C8B501F8F5}.Debug|Any CPU.ActiveCfg = Debug|Any CPU
		{DE9F5F35-BDA3-4D08-8769-F8C8B501F8F5}.Debug|Any CPU.Build.0 = Debug|Any CPU
		{DE9F5F35-BDA3-4D08-8769-F8C8B501F8F5}.Release|Any CPU.ActiveCfg = Release|Any CPU
		{DE9F5F35-BDA3-4D08-8769-F8C8B501F8F5}.Release|Any CPU.Build.0 = Release|Any CPU
	EndGlobalSection
	GlobalSection(SolutionProperties) = preSolution
		HideSolutionNode = FALSE
	EndGlobalSection
	GlobalSection(ExtensibilityGlobals) = postSolution
		SolutionGuid = {D317F9E6-F87D-47F5-9C68-BD19CDED8B9B}
	EndGlobalSection
EndGlobal
